{
  "nodes": {
    "home-manager": {
      "inputs": {
        "nixpkgs": [
          "nixpkgs"
        ]
      },
      "locked": {
        "lastModified": 1770779995,
        "narHash": "sha256-Evbc+u49wYQ5uyEi/HHxVFEt3g/w4MZxkMXMe7McjRM=",
        "owner": "nix-community",
        "repo": "home-manager",
        "rev": "b3f43db171474132528be57610bfa5fb3b766879",
        "type": "github"
      },
      "original": {
        "owner": "nix-community",
        "repo": "home-manager",
        "type": "github"
      }
    },
    "nixpkgs": {
      "locked": {
        "lastModified": 1770689213,
        "narHash": "sha256-N6JiSpfi0s8NjUTnjwo3c+YAmvYhCDzjCKCrTUC97xM=",
        "owner": "nixos",
        "repo": "nixpkgs",
        "rev": "49d75834011c94a120a9cb874ac1c4d8b7bfc767",
        "type": "github"
      },
      "original": {
        "owner": "nixos",
        "ref": "nixpkgs-unstable",
        "repo": "nixpkgs",
        "type": "github"
      }
    },
    "root": {
      "inputs": {
        "home-manager": "home-manager",
        "nixpkgs": "nixpkgs"
      }
    }
  },
  "root": "root",
  "version": 7
}
